
Microsoft Visual Studio Solution File, Format Version 12.00
# Visual Studio Version 17
VisualStudioVersion = 17.3.32929.385
MinimumVisualStudioVersion = 10.0.40219.1
Project("{F184B08F-C81C-45F6-A57F-5ABD9991F28F}") = "WindowsApp1", "WindowsApp1.vbproj", "{93B5DE98-C739-4333-BD92-88F6C71F6E94}"
EndProject
Global
	GlobalSection(SolutionConfigurationPlatforms) = preSolution
		Debug|Any CPU = Debug|Any CPU
		Release|Any CPU = Release|Any CPU
	EndGlobalSection
	GlobalSection(ProjectConfigurationPlatforms) = postSolution
		{93B5DE98-C739-4333-BD92-88F6C71F6E94}.Debug|Any CPU.ActiveCfg = Debug|Any CPU
		{93B5DE98-C739-4333-BD92-88F6C71F6E94}.Debug|Any CPU.Build.0 = Debug|Any CPU
		{93B5DE98-C739-4333-BD92-88F6C71F6E94}.Release|Any CPU.ActiveCfg = Release|Any CPU
		{93B5DE98-C739-4333-BD92-88F6C71F6E94}.Release|Any CPU.Build.0 = Release|Any CPU
	EndGlobalSection
	GlobalSection(SolutionProperties) = preSolution
		HideSolutionNode = FALSE
	EndGlobalSection
	GlobalSection(ExtensibilityGlobals) = postSolution
		SolutionGuid = {D2B10D86-A9C2-4AF1-95C6-6758981846AE}
	EndGlobalSection
EndGlobal
